
Microsoft Visual Studio Solution File, Format Version 12.00
# Visual Studio Version 17
VisualStudioVersion = 17.5.33530.505
MinimumVisualStudioVersion = 10.0.40219.1
Project("{FAE04EC0-301F-11D3-BF4B-00C04F79EFBC}") = "Lab13", "Lab13\Lab13.csproj", "{97ECB701-CC81-4D0B-80D9-62BDA278C76A}"
EndProject
Global
	GlobalSection(SolutionConfigurationPlatforms) = preSolution
		Debug|Any CPU = Debug|Any CPU
		Release|Any CPU = Release|Any CPU
	EndGlobalSection
	GlobalSection(ProjectConfigurationPlatforms) = postSolution
		{97ECB701-CC81-4D0B-80D9-62BDA278C76A}.Debug|Any CPU.ActiveCfg = Debug|Any CPU
		{97ECB701-CC81-4D0B-80D9-62BDA278C76A}.Debug|Any CPU.Build.0 = Debug|Any CPU
		{97ECB701-CC81-4D0B-80D9-62BDA278C76A}.Release|Any CPU.ActiveCfg = Release|Any CPU
		{97ECB701-CC81-4D0B-80D9-62BDA278C76A}.Release|Any CPU.Build.0 = Release|Any CPU
	EndGlobalSection
	GlobalSection(SolutionProperties) = preSolution
		HideSolutionNode = FALSE
	EndGlobalSection
	GlobalSection(ExtensibilityGlobals) = postSolution
		SolutionGuid = {EA1BC1D8-0D73-4AD0-AFE4-D466C0886E94}
	EndGlobalSection
EndGlobal
